PODS:
  - LookinServer (1.2.6):
    - LookinServer/Core (= 1.2.6)
  - LookinServer/Core (1.2.6)
  - SDWebImage (3.7.6):
    - SDWebImage/Core (= 3.7.6)
  - SDWebImage/Core (3.7.6)

DEPENDENCIES:
  - LookinServer (= 1.2.6)
  - SDWebImage (~> 3.7.0)

SPEC REPOS:
  https://github.com/CocoaPods/Specs.git:
    - LookinServer
    - SDWebImage

SPEC CHECKSUMS:
  LookinServer: de929b55f8fa2e241c18c39af3f900eaa9166389
  SDWebImage: c325cf02c30337336b95beff20a13df489ec0ec9

PODFILE CHECKSUM: 97b90f3e34e855d03db5553c1025879ac6cb0d57

COCOAPODS: 1.12.1
